
Microsoft Visual Studio Solution File, Format Version 12.00
# Visual Studio 15
VisualStudioVersion = 15.0.28307.168
MinimumVisualStudioVersion = 10.0.40219.1
Project("{FAE04EC0-301F-11D3-BF4B-00C04F79EFBC}") = "ThreadingWorkshops", "ThreadingWorkshops\ThreadingWorkshops.csproj", "{1F04FDA5-B6E0-4A31-A824-CEF018AF822C}"
EndProject
Global
	GlobalSection(SolutionConfigurationPlatforms) = preSolution
		Debug|Any CPU = Debug|Any CPU
		Release|Any CPU = Release|Any CPU
	EndGlobalSection
	GlobalSection(ProjectConfigurationPlatforms) = postSolution
		{1F04FDA5-B6E0-4A31-A824-CEF018AF822C}.Debug|Any CPU.ActiveCfg = Debug|Any CPU
		{1F04FDA5-B6E0-4A31-A824-CEF018AF822C}.Debug|Any CPU.Build.0 = Debug|Any CPU
		{1F04FDA5-B6E0-4A31-A824-CEF018AF822C}.Release|Any CPU.ActiveCfg = Release|Any CPU
		{1F04FDA5-B6E0-4A31-A824-CEF018AF822C}.Release|Any CPU.Build.0 = Release|Any CPU
	EndGlobalSection
	GlobalSection(SolutionProperties) = preSolution
		HideSolutionNode = FALSE
	EndGlobalSection
	GlobalSection(ExtensibilityGlobals) = postSolution
		SolutionGuid = {90F24550-CC57-4C95-AC4F-610B2AD9121F}
	EndGlobalSection
EndGlobal
